// !$*UTF8*$!
{
	archiveVersion = 1;
	classes = {
	};
	objectVersion = 46;
	objects = {

/* Begin PBXBuildFile section */
		525482A41E1FE5F40092425C /* MainMenuViewcontroller.swift in Sources */ = {isa = PBXBuildFile; fileRef = 525482A31E1FE5F40092425C /* MainMenuViewcontroller.swift */; };
		525482A61E1FE9010092425C /* MainMenuCell.swift in Sources */ = {isa = PBXBuildFile; fileRef = 525482A51E1FE9010092425C /* MainMenuCell.swift */; };
		525482A91E1FEC480092425C /* MainMenuModel.swift in Sources */ = {isa = PBXBuildFile; fileRef = 525482A81E1FEC480092425C /* MainMenuModel.swift */; };
		5256D0431E32AC2F00DDD647 /* ProbleemViewController.swift in Sources */ = {isa = PBXBuildFile; fileRef = 5256D0421E32AC2F00DDD647 /* ProbleemViewController.swift */; };
		526668771DF6DB7F005114A1 /* AppDelegate.swift in Sources */ = {isa = PBXBuildFile; fileRef = 526668761DF6DB7F005114A1 /* AppDelegate.swift */; };
		526668791DF6DB7F005114A1 /* ViewController.swift in Sources */ = {isa = PBXBuildFile; fileRef = 526668781DF6DB7F005114A1 /* ViewController.swift */; };
		5266687C1DF6DB7F005114A1 /* Main.storyboard in Resources */ = {isa = PBXBuildFile; fileRef = 5266687A1DF6DB7F005114A1 /* Main.storyboard */; };
		5266687E1DF6DB7F005114A1 /* Assets.xcassets in Resources */ = {isa = PBXBuildFile; fileRef = 5266687D1DF6DB7F005114A1 /* Assets.xcassets */; };
		526668811DF6DB7F005114A1 /* LaunchScreen.storyboard in Resources */ = {isa = PBXBuildFile; fileRef = 5266687F1DF6DB7F005114A1 /* LaunchScreen.storyboard */; };
		5266688C1DF6DB7F005114A1 /* ProjectTests.swift in Sources */ = {isa = PBXBuildFile; fileRef = 5266688B1DF6DB7F005114A1 /* ProjectTests.swift */; };
		526668971DF6DB7F005114A1 /* ProjectUITests.swift in Sources */ = {isa = PBXBuildFile; fileRef = 526668961DF6DB7F005114A1 /* ProjectUITests.swift */; };
		52A1725F1E33F8110097EC9A /* OefeningCell.swift in Sources */ = {isa = PBXBuildFile; fileRef = 52A1725E1E33F8110097EC9A /* OefeningCell.swift */; };
		52A172611E33F8F60097EC9A /* OefeningenViewController.swift in Sources */ = {isa = PBXBuildFile; fileRef = 52A172601E33F8F60097EC9A /* OefeningenViewController.swift */; };
		52A172631E33F9270097EC9A /* Oefening.swift in Sources */ = {isa = PBXBuildFile; fileRef = 52A172621E33F9270097EC9A /* Oefening.swift */; };
		52A172651E33FBCD0097EC9A /* VideoPlayerViewController.swift in Sources */ = {isa = PBXBuildFile; fileRef = 52A172641E33FBCD0097EC9A /* VideoPlayerViewController.swift */; };
		52A172671E33FF240097EC9A /* pendeloefening.mov in Resources */ = {isa = PBXBuildFile; fileRef = 52A172661E33FF240097EC9A /* pendeloefening.mov */; };
		52DA79FB1E34E9D4007C5575 /* AC1.png in Resources */ = {isa = PBXBuildFile; fileRef = 52DA79F11E34E9D4007C5575 /* AC1.png */; };
		52DA79FC1E34E9D4007C5575 /* AC2.png in Resources */ = {isa = PBXBuildFile; fileRef = 52DA79F21E34E9D4007C5575 /* AC2.png */; };
		52DA79FD1E34E9D4007C5575 /* biceps1.png in Resources */ = {isa = PBXBuildFile; fileRef = 52DA79F31E34E9D4007C5575 /* biceps1.png */; };
		52DA79FE1E34E9D4007C5575 /* biceps2.png in Resources */ = {isa = PBXBuildFile; fileRef = 52DA79F41E34E9D4007C5575 /* biceps2.png */; };
		52DA79FF1E34E9D4007C5575 /* calcifying1.png in Resources */ = {isa = PBXBuildFile; fileRef = 52DA79F51E34E9D4007C5575 /* calcifying1.png */; };
		52DA7A001E34E9D4007C5575 /* calcifying2.png in Resources */ = {isa = PBXBuildFile; fileRef = 52DA79F61E34E9D4007C5575 /* calcifying2.png */; };
		52DA7A011E34E9D4007C5575 /* impingement.png in Resources */ = {isa = PBXBuildFile; fileRef = 52DA79F71E34E9D4007C5575 /* impingement.png */; };
		52DA7A021E34E9D4007C5575 /* impingement2.png in Resources */ = {isa = PBXBuildFile; fileRef = 52DA79F81E34E9D4007C5575 /* impingement2.png */; };
		52DA7A031E34E9D4007C5575 /* labrum1.png in Resources */ = {isa = PBXBuildFile; fileRef = 52DA79F91E34E9D4007C5575 /* labrum1.png */; };
		52DA7A041E34E9D4007C5575 /* labrum2.png in Resources */ = {isa = PBXBuildFile; fileRef = 52DA79FA1E34E9D4007C5575 /* labrum2.png */; };
		52DA7A061E34EEC8007C5575 /* AfsprekenController.swift in Sources */ = {isa = PBXBuildFile; fileRef = 52DA7A051E34EEC8007C5575 /* AfsprekenController.swift */; };
		52DA7A081E34F435007C5575 /* glorieuxViewController.swift in Sources */ = {isa = PBXBuildFile; fileRef = 52DA7A071E34F435007C5575 /* glorieuxViewController.swift */; };
		52DA7A0A1E34F910007C5575 /* glorieuxParking.jpg in Resources */ = {isa = PBXBuildFile; fileRef = 52DA7A091E34F910007C5575 /* glorieuxParking.jpg */; };
		52DA7A0D1E34FBDA007C5575 /* drFabre.jpg in Resources */ = {isa = PBXBuildFile; fileRef = 52DA7A0B1E34FBDA007C5575 /* drFabre.jpg */; };
		52DA7A0E1E34FBDA007C5575 /* drZeegers.jpg in Resources */ = {isa = PBXBuildFile; fileRef = 52DA7A0C1E34FBDA007C5575 /* drZeegers.jpg */; };
		52DA7A101E3500DF007C5575 /* ChirurgenViewController.swift in Sources */ = {isa = PBXBuildFile; fileRef = 52DA7A0F1E3500DF007C5575 /* ChirurgenViewController.swift */; };
		52DA7A121E350132007C5575 /* Chirurg.swift in Sources */ = {isa = PBXBuildFile; fileRef = 52DA7A111E350132007C5575 /* Chirurg.swift */; };
		52DA7A141E35018A007C5575 /* ChirurgCell.swift in Sources */ = {isa = PBXBuildFile; fileRef = 52DA7A131E35018A007C5575 /* ChirurgCell.swift */; };
		52DA7A161E35021A007C5575 /* ChirurgViewController.swift in Sources */ = {isa = PBXBuildFile; fileRef = 52DA7A151E35021A007C5575 /* ChirurgViewController.swift */; };
		52DA7A1A1E352806007C5575 /* thumbnailplaceholder.png in Resources */ = {isa = PBXBuildFile; fileRef = 52DA7A191E352806007C5575 /* thumbnailplaceholder.png */; };
		52DA7A1D1E352ABB007C5575 /* RC1.png in Resources */ = {isa = PBXBuildFile; fileRef = 52DA7A1B1E352ABB007C5575 /* RC1.png */; };
		52DA7A1E1E352ABB007C5575 /* RC2.png in Resources */ = {isa = PBXBuildFile; fileRef = 52DA7A1C1E352ABB007C5575 /* RC2.png */; };
		52DA7A201E35448C007C5575 /* glorieux2.jpg in Resources */ = {isa = PBXBuildFile; fileRef = 52DA7A1F1E35448C007C5575 /* glorieux2.jpg */; };
		52DA7A221E35451F007C5575 /* glorieux3.png in Resources */ = {isa = PBXBuildFile; fileRef = 52DA7A211E35451F007C5575 /* glorieux3.png */; };
		52DA7A241E354CF3007C5575 /* EmptyViewController.swift in Sources */ = {isa = PBXBuildFile; fileRef = 52DA7A231E354CF3007C5575 /* EmptyViewController.swift */; };
		52FFDC451E267F2F006B6870 /* Probleem.swift in Sources */ = {isa = PBXBuildFile; fileRef = 52FFDC441E267F2F006B6870 /* Probleem.swift */; };
		52FFDC491E268427006B6870 /* ProblemenViewController.swift in Sources */ = {isa = PBXBuildFile; fileRef = 52FFDC481E268427006B6870 /* ProblemenViewController.swift */; };
		52FFDC4B1E2687A1006B6870 /* ProbleemCell.swift in Sources */ = {isa = PBXBuildFile; fileRef = 52FFDC4A1E2687A1006B6870 /* ProbleemCell.swift */; };
		7752C9BAF7077F4B27E5A6FE /* Pods_Project.framework in Frameworks */ = {isa = PBXBuildFile; fileRef = D30EF6CC0F820307819472E4 /* Pods_Project.framework */; };
		9490671CB570542EB314DD7B /* Pods_ProjectUITests.framework in Frameworks */ = {isa = PBXBuildFile; fileRef = EE345AD5671CE244D8A8D4AA /* Pods_ProjectUITests.framework */; };
		9CDDE2D1BB078C789A8FF94F /* Pods_ProjectTests.framework in Frameworks */ = {isa = PBXBuildFile; fileRef = F5302F5D245B2AC6DDDFFCB3 /* Pods_ProjectTests.framework */; };
/* End PBXBuildFile section */

/* Begin PBXContainerItemProxy section */
		526668881DF6DB7F005114A1 /* PBXContainerItemProxy */ = {
			isa = PBXContainerItemProxy;
			containerPortal = 5266686B1DF6DB7F005114A1 /* Project object */;
			proxyType = 1;
			remoteGlobalIDString = 526668721DF6DB7F005114A1;
			remoteInfo = Project;
		};
		526668931DF6DB7F005114A1 /* PBXContainerItemProxy */ = {
			isa = PBXContainerItemProxy;
			containerPortal = 5266686B1DF6DB7F005114A1 /* Project object */;
			proxyType = 1;
			remoteGlobalIDString = 526668721DF6DB7F005114A1;
			remoteInfo = Project;
		};
/* End PBXContainerItemProxy section */

/* Begin PBXFileReference section */
		525482A31E1FE5F40092425C /* MainMenuViewcontroller.swift */ = {isa = PBXFileReference; fileEncoding = 4; lastKnownFileType = sourcecode.swift; path = MainMenuViewcontroller.swift; sourceTree = "<group>"; };
		525482A51E1FE9010092425C /* MainMenuCell.swift */ = {isa = PBXFileReference; fileEncoding = 4; lastKnownFileType = sourcecode.swift; path = MainMenuCell.swift; sourceTree = "<group>"; };
		525482A81E1FEC480092425C /* MainMenuModel.swift */ = {isa = PBXFileReference; fileEncoding = 4; lastKnownFileType = sourcecode.swift; path = MainMenuModel.swift; sourceTree = "<group>"; };
		5256D0421E32AC2F00DDD647 /* ProbleemViewController.swift */ = {isa = PBXFileReference; fileEncoding = 4; lastKnownFileType = sourcecode.swift; path = ProbleemViewController.swift; sourceTree = "<group>"; };
		526668731DF6DB7F005114A1 /* Project.app */ = {isa = PBXFileReference; explicitFileType = wrapper.application; includeInIndex = 0; path = Project.app; sourceTree = BUILT_PRODUCTS_DIR; };
		526668761DF6DB7F005114A1 /* AppDelegate.swift */ = {isa = PBXFileReference; lastKnownFileType = sourcecode.swift; path = AppDelegate.swift; sourceTree = "<group>"; };
		526668781DF6DB7F005114A1 /* ViewController.swift */ = {isa = PBXFileReference; lastKnownFileType = sourcecode.swift; path = ViewController.swift; sourceTree = "<group>"; };
		5266687B1DF6DB7F005114A1 /* Base */ = {isa = PBXFileReference; lastKnownFileType = file.storyboard; name = Base; path = Base.lproj/Main.storyboard; sourceTree = "<group>"; };
		5266687D1DF6DB7F005114A1 /* Assets.xcassets */ = {isa = PBXFileReference; lastKnownFileType = folder.assetcatalog; path = Assets.xcassets; sourceTree = "<group>"; };
		526668801DF6DB7F005114A1 /* Base */ = {isa = PBXFileReference; lastKnownFileType = file.storyboard; name = Base; path = Base.lproj/LaunchScreen.storyboard; sourceTree = "<group>"; };
		526668821DF6DB7F005114A1 /* Info.plist */ = {isa = PBXFileReference; lastKnownFileType = text.plist.xml; path = Info.plist; sourceTree = "<group>"; };
		526668871DF6DB7F005114A1 /* ProjectTests.xctest */ = {isa = PBXFileReference; explicitFileType = wrapper.cfbundle; includeInIndex = 0; path = ProjectTests.xctest; sourceTree = BUILT_PRODUCTS_DIR; };
		5266688B1DF6DB7F005114A1 /* ProjectTests.swift */ = {isa = PBXFileReference; lastKnownFileType = sourcecode.swift; path = ProjectTests.swift; sourceTree = "<group>"; };
		5266688D1DF6DB7F005114A1 /* Info.plist */ = {isa = PBXFileReference; lastKnownFileType = text.plist.xml; path = Info.plist; sourceTree = "<group>"; };
		526668921DF6DB7F005114A1 /* ProjectUITests.xctest */ = {isa = PBXFileReference; explicitFileType = wrapper.cfbundle; includeInIndex = 0; path = ProjectUITests.xctest; sourceTree = BUILT_PRODUCTS_DIR; };
		526668961DF6DB7F005114A1 /* ProjectUITests.swift */ = {isa = PBXFileReference; lastKnownFileType = sourcecode.swift; path = ProjectUITests.swift; sourceTree = "<group>"; };
		526668981DF6DB7F005114A1 /* Info.plist */ = {isa = PBXFileReference; lastKnownFileType = text.plist.xml; path = Info.plist; sourceTree = "<group>"; };
		52A1725E1E33F8110097EC9A /* OefeningCell.swift */ = {isa = PBXFileReference; fileEncoding = 4; lastKnownFileType = sourcecode.swift; path = OefeningCell.swift; sourceTree = "<group>"; };
		52A172601E33F8F60097EC9A /* OefeningenViewController.swift */ = {isa = PBXFileReference; fileEncoding = 4; lastKnownFileType = sourcecode.swift; path = OefeningenViewController.swift; sourceTree = "<group>"; };
		52A172621E33F9270097EC9A /* Oefening.swift */ = {isa = PBXFileReference; fileEncoding = 4; lastKnownFileType = sourcecode.swift; path = Oefening.swift; sourceTree = "<group>"; };
		52A172641E33FBCD0097EC9A /* VideoPlayerViewController.swift */ = {isa = PBXFileReference; fileEncoding = 4; lastKnownFileType = sourcecode.swift; path = VideoPlayerViewController.swift; sourceTree = "<group>"; };
		52A172661E33FF240097EC9A /* pendeloefening.mov */ = {isa = PBXFileReference; lastKnownFileType = video.quicktime; name = pendeloefening.mov; path = "../../../../project afbeeldingen/pendeloefening.mov"; sourceTree = "<group>"; };
		52DA79F11E34E9D4007C5575 /* AC1.png */ = {isa = PBXFileReference; lastKnownFileType = image.png; name = AC1.png; path = "../../../../project afbeeldingen/AC1.png"; sourceTree = "<group>"; };
		52DA79F21E34E9D4007C5575 /* AC2.png */ = {isa = PBXFileReference; lastKnownFileType = image.png; name = AC2.png; path = "../../../../project afbeeldingen/AC2.png"; sourceTree = "<group>"; };
		52DA79F31E34E9D4007C5575 /* biceps1.png */ = {isa = PBXFileReference; lastKnownFileType = image.png; name = biceps1.png; path = "../../../../project afbeeldingen/biceps1.png"; sourceTree = "<group>"; };
		52DA79F41E34E9D4007C5575 /* biceps2.png */ = {isa = PBXFileReference; lastKnownFileType = image.png; name = biceps2.png; path = "../../../../project afbeeldingen/biceps2.png"; sourceTree = "<group>"; };
		52DA79F51E34E9D4007C5575 /* calcifying1.png */ = {isa = PBXFileReference; lastKnownFileType = image.png; name = calcifying1.png; path = "../../../../project afbeeldingen/calcifying1.png"; sourceTree = "<group>"; };
		52DA79F61E34E9D4007C5575 /* calcifying2.png */ = {isa = PBXFileReference; lastKnownFileType = image.png; name = calcifying2.png; path = "../../../../project afbeeldingen/calcifying2.png"; sourceTree = "<group>"; };
		52DA79F71E34E9D4007C5575 /* impingement.png */ = {isa = PBXFileReference; lastKnownFileType = image.png; name = impingement.png; path = "../../../../project afbeeldingen/impingement.png"; sourceTree = "<group>"; };
		52DA79F81E34E9D4007C5575 /* impingement2.png */ = {isa = PBXFileReference; lastKnownFileType = image.png; name = impingement2.png; path = "../../../../project afbeeldingen/impingement2.png"; sourceTree = "<group>"; };
		52DA79F91E34E9D4007C5575 /* labrum1.png */ = {isa = PBXFileReference; lastKnownFileType = image.png; name = labrum1.png; path = "../../../../project afbeeldingen/labrum1.png"; sourceTree = "<group>"; };
		52DA79FA1E34E9D4007C5575 /* labrum2.png */ = {isa = PBXFileReference; lastKnownFileType = image.png; name = labrum2.png; path = "../../../../project afbeeldingen/labrum2.png"; sourceTree = "<group>"; };
		52DA7A051E34EEC8007C5575 /* AfsprekenController.swift */ = {isa = PBXFileReference; fileEncoding = 4; lastKnownFileType = sourcecode.swift; path = AfsprekenController.swift; sourceTree = "<group>"; };
		52DA7A071E34F435007C5575 /* glorieuxViewController.swift */ = {isa = PBXFileReference; fileEncoding = 4; lastKnownFileType = sourcecode.swift; path = glorieuxViewController.swift; sourceTree = "<group>"; };
		52DA7A091E34F910007C5575 /* glorieuxParking.jpg */ = {isa = PBXFileReference; lastKnownFileType = image.jpeg; name = glorieuxParking.jpg; path = "../../../../project afbeeldingen/glorieuxParking.jpg"; sourceTree = "<group>"; };
		52DA7A0B1E34FBDA007C5575 /* drFabre.jpg */ = {isa = PBXFileReference; lastKnownFileType = image.jpeg; name = drFabre.jpg; path = "../../../../project afbeeldingen/drFabre.jpg"; sourceTree = "<group>"; };
		52DA7A0C1E34FBDA007C5575 /* drZeegers.jpg */ = {isa = PBXFileReference; lastKnownFileType = image.jpeg; name = drZeegers.jpg; path = "../../../../project afbeeldingen/drZeegers.jpg"; sourceTree = "<group>"; };
		52DA7A0F1E3500DF007C5575 /* ChirurgenViewController.swift */ = {isa = PBXFileReference; fileEncoding = 4; lastKnownFileType = sourcecode.swift; path = ChirurgenViewController.swift; sourceTree = "<group>"; };
		52DA7A111E350132007C5575 /* Chirurg.swift */ = {isa = PBXFileReference; fileEncoding = 4; lastKnownFileType = sourcecode.swift; path = Chirurg.swift; sourceTree = "<group>"; };
		52DA7A131E35018A007C5575 /* ChirurgCell.swift */ = {isa = PBXFileReference; fileEncoding = 4; lastKnownFileType = sourcecode.swift; path = ChirurgCell.swift; sourceTree = "<group>"; };
		52DA7A151E35021A007C5575 /* ChirurgViewController.swift */ = {isa = PBXFileReference; fileEncoding = 4; lastKnownFileType = sourcecode.swift; path = ChirurgViewController.swift; sourceTree = "<group>"; };
		52DA7A191E352806007C5575 /* thumbnailplaceholder.png */ = {isa = PBXFileReference; lastKnownFileType = image.png; path = thumbnailplaceholder.png; sourceTree = "<group>"; };
		52DA7A1B1E352ABB007C5575 /* RC1.png */ = {isa = PBXFileReference; lastKnownFileType = image.png; path = RC1.png; sourceTree = "<group>"; };
		52DA7A1C1E352ABB007C5575 /* RC2.png */ = {isa = PBXFileReference; lastKnownFileType = image.png; path = RC2.png; sourceTree = "<group>"; };
		52DA7A1F1E35448C007C5575 /* glorieux2.jpg */ = {isa = PBXFileReference; lastKnownFileType = image.jpeg; path = glorieux2.jpg; sourceTree = "<group>"; };
		52DA7A211E35451F007C5575 /* glorieux3.png */ = {isa = PBXFileReference; lastKnownFileType = image.png; path = glorieux3.png; sourceTree = "<group>"; };
		52DA7A231E354CF3007C5575 /* EmptyViewController.swift */ = {isa = PBXFileReference; fileEncoding = 4; lastKnownFileType = sourcecode.swift; path = EmptyViewController.swift; sourceTree = "<group>"; };
		52FFDC441E267F2F006B6870 /* Probleem.swift */ = {isa = PBXFileReference; fileEncoding = 4; lastKnownFileType = sourcecode.swift; path = Probleem.swift; sourceTree = "<group>"; };
		52FFDC481E268427006B6870 /* ProblemenViewController.swift */ = {isa = PBXFileReference; fileEncoding = 4; lastKnownFileType = sourcecode.swift; path = ProblemenViewController.swift; sourceTree = "<group>"; };
		52FFDC4A1E2687A1006B6870 /* ProbleemCell.swift */ = {isa = PBXFileReference; fileEncoding = 4; lastKnownFileType = sourcecode.swift; path = ProbleemCell.swift; sourceTree = "<group>"; };
		9216ED23998E72CF0E33E608 /* Pods-Project.debug.xcconfig */ = {isa = PBXFileReference; includeInIndex = 1; lastKnownFileType = text.xcconfig; name = "Pods-Project.debug.xcconfig"; path = "Pods/Target Support Files/Pods-Project/Pods-Project.debug.xcconfig"; sourceTree = "<group>"; };
		985311548C997621066C7B26 /* Pods-ProjectUITests.release.xcconfig */ = {isa = PBXFileReference; includeInIndex = 1; lastKnownFileType = text.xcconfig; name = "Pods-ProjectUITests.release.xcconfig"; path = "Pods/Target Support Files/Pods-ProjectUITests/Pods-ProjectUITests.release.xcconfig"; sourceTree = "<group>"; };
		AA46F13183E7B60401731DA5 /* Pods-ProjectTests.release.xcconfig */ = {isa = PBXFileReference; includeInIndex = 1; lastKnownFileType = text.xcconfig; name = "Pods-ProjectTests.release.xcconfig"; path = "Pods/Target Support Files/Pods-ProjectTests/Pods-ProjectTests.release.xcconfig"; sourceTree = "<group>"; };
		C46D70C533B4FDE59A037F8F /* Pods-Project.release.xcconfig */ = {isa = PBXFileReference; includeInIndex = 1; lastKnownFileType = text.xcconfig; name = "Pods-Project.release.xcconfig"; path = "Pods/Target Support Files/Pods-Project/Pods-Project.release.xcconfig"; sourceTree = "<group>"; };
		CB66634E82AAB731A026E9F2 /* Pods-ProjectUITests.debug.xcconfig */ = {isa = PBXFileReference; includeInIndex = 1; lastKnownFileType = text.xcconfig; name = "Pods-ProjectUITests.debug.xcconfig"; path = "Pods/Target Support Files/Pods-ProjectUITests/Pods-ProjectUITests.debug.xcconfig"; sourceTree = "<group>"; };
		D30EF6CC0F820307819472E4 /* Pods_Project.framework */ = {isa = PBXFileReference; explicitFileType = wrapper.framework; includeInIndex = 0; path = Pods_Project.framework; sourceTree = BUILT_PRODUCTS_DIR; };
		EA2BE4A6DE7A4E869A6C4E9C /* Pods-ProjectTests.debug.xcconfig */ = {isa = PBXFileReference; includeInIndex = 1; lastKnownFileType = text.xcconfig; name = "Pods-ProjectTests.debug.xcconfig"; path = "Pods/Target Support Files/Pods-ProjectTests/Pods-ProjectTests.debug.xcconfig"; sourceTree = "<group>"; };
		EE345AD5671CE244D8A8D4AA /* Pods_ProjectUITests.framework */ = {isa = PBXFileReference; explicitFileType = wrapper.framework; includeInIndex = 0; path = Pods_ProjectUITests.framework; sourceTree = BUILT_PRODUCTS_DIR; };
		F5302F5D245B2AC6DDDFFCB3 /* Pods_ProjectTests.framework */ = {isa = PBXFileReference; explicitFileType = wrapper.framework; includeInIndex = 0; path = Pods_ProjectTests.framework; sourceTree = BUILT_PRODUCTS_DIR; };
/* End PBXFileReference section */

/* Begin PBXFrameworksBuildPhase section */
		526668701DF6DB7F005114A1 /* Frameworks */ = {
			isa = PBXFrameworksBuildPhase;
			buildActionMask = 2147483647;
			files = (
				7752C9BAF7077F4B27E5A6FE /* Pods_Project.framework in Frameworks */,
			);
			runOnlyForDeploymentPostprocessing = 0;
		};
		526668841DF6DB7F005114A1 /* Frameworks */ = {
			isa = PBXFrameworksBuildPhase;
			buildActionMask = 2147483647;
			files = (
				9CDDE2D1BB078C789A8FF94F /* Pods_ProjectTests.framework in Frameworks */,
			);
			runOnlyForDeploymentPostprocessing = 0;
		};
		5266688F1DF6DB7F005114A1 /* Frameworks */ = {
			isa = PBXFrameworksBuildPhase;
			buildActionMask = 2147483647;
			files = (
				9490671CB570542EB314DD7B /* Pods_ProjectUITests.framework in Frameworks */,
			);
			runOnlyForDeploymentPostprocessing = 0;
		};
/* End PBXFrameworksBuildPhase section */

/* Begin PBXGroup section */
		0B4C73E68EB693AA6930DBE2 /* Frameworks */ = {
			isa = PBXGroup;
			children = (
				D30EF6CC0F820307819472E4 /* Pods_Project.framework */,
				F5302F5D245B2AC6DDDFFCB3 /* Pods_ProjectTests.framework */,
				EE345AD5671CE244D8A8D4AA /* Pods_ProjectUITests.framework */,
			);
			name = Frameworks;
			sourceTree = "<group>";
		};
		4B64550FF427D52681DEEDF7 /* Pods */ = {
			isa = PBXGroup;
			children = (
				9216ED23998E72CF0E33E608 /* Pods-Project.debug.xcconfig */,
				C46D70C533B4FDE59A037F8F /* Pods-Project.release.xcconfig */,
				EA2BE4A6DE7A4E869A6C4E9C /* Pods-ProjectTests.debug.xcconfig */,
				AA46F13183E7B60401731DA5 /* Pods-ProjectTests.release.xcconfig */,
				CB66634E82AAB731A026E9F2 /* Pods-ProjectUITests.debug.xcconfig */,
				985311548C997621066C7B26 /* Pods-ProjectUITests.release.xcconfig */,
			);
			name = Pods;
			sourceTree = "<group>";
		};
		525482A21E1FE5640092425C /* Views */ = {
			isa = PBXGroup;
			children = (
				525482A51E1FE9010092425C /* MainMenuCell.swift */,
				52FFDC4A1E2687A1006B6870 /* ProbleemCell.swift */,
				52A1725E1E33F8110097EC9A /* OefeningCell.swift */,
				52DA7A131E35018A007C5575 /* ChirurgCell.swift */,
			);
			path = Views;
			sourceTree = "<group>";
		};
		525482A71E1FEC1E0092425C /* Model */ = {
			isa = PBXGroup;
			children = (
				525482A81E1FEC480092425C /* MainMenuModel.swift */,
				52FFDC441E267F2F006B6870 /* Probleem.swift */,
				52A172621E33F9270097EC9A /* Oefening.swift */,
				52DA7A111E350132007C5575 /* Chirurg.swift */,
			);
			path = Model;
			sourceTree = "<group>";
		};
		5266686A1DF6DB7F005114A1 = {
			isa = PBXGroup;
			children = (
				526668751DF6DB7F005114A1 /* Project */,
				5266688A1DF6DB7F005114A1 /* ProjectTests */,
				526668951DF6DB7F005114A1 /* ProjectUITests */,
				526668741DF6DB7F005114A1 /* Products */,
				4B64550FF427D52681DEEDF7 /* Pods */,
				0B4C73E68EB693AA6930DBE2 /* Frameworks */,
			);
			sourceTree = "<group>";
		};
		526668741DF6DB7F005114A1 /* Products */ = {
			isa = PBXGroup;
			children = (
				526668731DF6DB7F005114A1 /* Project.app */,
				526668871DF6DB7F005114A1 /* ProjectTests.xctest */,
				526668921DF6DB7F005114A1 /* ProjectUITests.xctest */,
			);
			name = Products;
			sourceTree = "<group>";
		};
		526668751DF6DB7F005114A1 /* Project */ = {
			isa = PBXGroup;
			children = (
				525482A71E1FEC1E0092425C /* Model */,
				525482A21E1FE5640092425C /* Views */,
				526668A71DF6F070005114A1 /* controllers */,
				526668A41DF6EEC0005114A1 /* media */,
				526668761DF6DB7F005114A1 /* AppDelegate.swift */,
				526668781DF6DB7F005114A1 /* ViewController.swift */,
				5266687A1DF6DB7F005114A1 /* Main.storyboard */,
				5266687D1DF6DB7F005114A1 /* Assets.xcassets */,
				5266687F1DF6DB7F005114A1 /* LaunchScreen.storyboard */,
				526668821DF6DB7F005114A1 /* Info.plist */,
			);
			path = Project;
			sourceTree = "<group>";
		};
		5266688A1DF6DB7F005114A1 /* ProjectTests */ = {
			isa = PBXGroup;
			children = (
				5266688B1DF6DB7F005114A1 /* ProjectTests.swift */,
				5266688D1DF6DB7F005114A1 /* Info.plist */,
			);
			path = ProjectTests;
			sourceTree = "<group>";
		};
		526668951DF6DB7F005114A1 /* ProjectUITests */ = {
			isa = PBXGroup;
			children = (
				526668961DF6DB7F005114A1 /* ProjectUITests.swift */,
				526668981DF6DB7F005114A1 /* Info.plist */,
			);
			path = ProjectUITests;
			sourceTree = "<group>";
		};
		526668A41DF6EEC0005114A1 /* media */ = {
			isa = PBXGroup;
			children = (
				52DA7A211E35451F007C5575 /* glorieux3.png */,
				52DA7A1F1E35448C007C5575 /* glorieux2.jpg */,
				52DA7A1B1E352ABB007C5575 /* RC1.png */,
				52DA7A1C1E352ABB007C5575 /* RC2.png */,
				52DA7A191E352806007C5575 /* thumbnailplaceholder.png */,
				52DA7A0B1E34FBDA007C5575 /* drFabre.jpg */,
				52DA7A0C1E34FBDA007C5575 /* drZeegers.jpg */,
				52DA7A091E34F910007C5575 /* glorieuxParking.jpg */,
				52DA79F11E34E9D4007C5575 /* AC1.png */,
				52DA79F21E34E9D4007C5575 /* AC2.png */,
				52DA79F31E34E9D4007C5575 /* biceps1.png */,
				52DA79F41E34E9D4007C5575 /* biceps2.png */,
				52DA79F51E34E9D4007C5575 /* calcifying1.png */,
				52DA79F61E34E9D4007C5575 /* calcifying2.png */,
				52DA79F71E34E9D4007C5575 /* impingement.png */,
				52DA79F81E34E9D4007C5575 /* impingement2.png */,
				52DA79F91E34E9D4007C5575 /* labrum1.png */,
				52DA79FA1E34E9D4007C5575 /* labrum2.png */,
				52A172661E33FF240097EC9A /* pendeloefening.mov */,
			);
			name = media;
			path = images;
			sourceTree = "<group>";
		};
		526668A71DF6F070005114A1 /* controllers */ = {
			isa = PBXGroup;
			children = (
				525482A31E1FE5F40092425C /* MainMenuViewcontroller.swift */,
				52FFDC481E268427006B6870 /* ProblemenViewController.swift */,
				5256D0421E32AC2F00DDD647 /* ProbleemViewController.swift */,
				52A172601E33F8F60097EC9A /* OefeningenViewController.swift */,
				52A172641E33FBCD0097EC9A /* VideoPlayerViewController.swift */,
				52DA7A051E34EEC8007C5575 /* AfsprekenController.swift */,
				52DA7A071E34F435007C5575 /* glorieuxViewController.swift */,
				52DA7A0F1E3500DF007C5575 /* ChirurgenViewController.swift */,
				52DA7A151E35021A007C5575 /* ChirurgViewController.swift */,
				52DA7A231E354CF3007C5575 /* EmptyViewController.swift */,
			);
			path = controllers;
			sourceTree = "<group>";
		};
/* End PBXGroup section */

/* Begin PBXNativeTarget section */
		526668721DF6DB7F005114A1 /* Project */ = {
			isa = PBXNativeTarget;
			buildConfigurationList = 5266689B1DF6DB7F005114A1 /* Build configuration list for PBXNativeTarget "Project" */;
			buildPhases = (
				F8B61A8C54FFD262AB836E25 /* [CP] Check Pods Manifest.lock */,
				5266686F1DF6DB7F005114A1 /* Sources */,
				526668701DF6DB7F005114A1 /* Frameworks */,
				526668711DF6DB7F005114A1 /* Resources */,
				0FE4BA5960EFCBBEB0E81ECE /* [CP] Embed Pods Frameworks */,
				4DD8C9DE627B4049FEBF006A /* [CP] Copy Pods Resources */,
			);
			buildRules = (
			);
			dependencies = (
			);
			name = Project;
			productName = Project;
			productReference = 526668731DF6DB7F005114A1 /* Project.app */;
			productType = "com.apple.product-type.application";
		};
		526668861DF6DB7F005114A1 /* ProjectTests */ = {
			isa = PBXNativeTarget;
			buildConfigurationList = 5266689E1DF6DB7F005114A1 /* Build configuration list for PBXNativeTarget "ProjectTests" */;
			buildPhases = (
				64B0F5EEB39DE2D0E1B9ACE5 /* [CP] Check Pods Manifest.lock */,
				526668831DF6DB7F005114A1 /* Sources */,
				526668841DF6DB7F005114A1 /* Frameworks */,
				526668851DF6DB7F005114A1 /* Resources */,
				2680551ED4AD1F6314E373BE /* [CP] Embed Pods Frameworks */,
				69BADCEC7773F85E9A5B6DDC /* [CP] Copy Pods Resources */,
			);
			buildRules = (
			);
			dependencies = (
				526668891DF6DB7F005114A1 /* PBXTargetDependency */,
			);
			name = ProjectTests;
			productName = ProjectTests;
			productReference = 526668871DF6DB7F005114A1 /* ProjectTests.xctest */;
			productType = "com.apple.product-type.bundle.unit-test";
		};
		526668911DF6DB7F005114A1 /* ProjectUITests */ = {
			isa = PBXNativeTarget;
			buildConfigurationList = 526668A11DF6DB7F005114A1 /* Build configuration list for PBXNativeTarget "ProjectUITests" */;
			buildPhases = (
				68A2B6700F9AFD1DD7430428 /* [CP] Check Pods Manifest.lock */,
				5266688E1DF6DB7F005114A1 /* Sources */,
				5266688F1DF6DB7F005114A1 /* Frameworks */,
				526668901DF6DB7F005114A1 /* Resources */,
				E71BC1A451E5CF9B9E707E9A /* [CP] Embed Pods Frameworks */,
				53407194D0888793117C79F4 /* [CP] Copy Pods Resources */,
			);
			buildRules = (
			);
			dependencies = (
				526668941DF6DB7F005114A1 /* PBXTargetDependency */,
			);
			name = ProjectUITests;
			productName = ProjectUITests;
			productReference = 526668921DF6DB7F005114A1 /* ProjectUITests.xctest */;
			productType = "com.apple.product-type.bundle.ui-testing";
		};
/* End PBXNativeTarget section */

/* Begin PBXProject section */
		5266686B1DF6DB7F005114A1 /* Project object */ = {
			isa = PBXProject;
			attributes = {
				LastSwiftUpdateCheck = 0800;
				LastUpgradeCheck = 0800;
				ORGANIZATIONNAME = Milton;
				TargetAttributes = {
					526668721DF6DB7F005114A1 = {
						CreatedOnToolsVersion = 8.0;
						DevelopmentTeam = 98Z2R7H2PW;
						ProvisioningStyle = Automatic;
					};
					526668861DF6DB7F005114A1 = {
						CreatedOnToolsVersion = 8.0;
						ProvisioningStyle = Automatic;
						TestTargetID = 526668721DF6DB7F005114A1;
					};
					526668911DF6DB7F005114A1 = {
						CreatedOnToolsVersion = 8.0;
						ProvisioningStyle = Automatic;
						TestTargetID = 526668721DF6DB7F005114A1;
					};
				};
			};
			buildConfigurationList = 5266686E1DF6DB7F005114A1 /* Build configuration list for PBXProject "Project" */;
			compatibilityVersion = "Xcode 3.2";
			developmentRegion = English;
			hasScannedForEncodings = 0;
			knownRegions = (
				en,
				Base,
			);
			mainGroup = 5266686A1DF6DB7F005114A1;
			productRefGroup = 526668741DF6DB7F005114A1 /* Products */;
			projectDirPath = "";
			projectRoot = "";
			targets = (
				526668721DF6DB7F005114A1 /* Project */,
				526668861DF6DB7F005114A1 /* ProjectTests */,
				526668911DF6DB7F005114A1 /* ProjectUITests */,
			);
		};
/* End PBXProject section */

/* Begin PBXResourcesBuildPhase section */
		526668711DF6DB7F005114A1 /* Resources */ = {
			isa = PBXResourcesBuildPhase;
			buildActionMask = 2147483647;
			files = (
				52DA7A031E34E9D4007C5575 /* labrum1.png in Resources */,
				52DA79FC1E34E9D4007C5575 /* AC2.png in Resources */,
				52DA7A1A1E352806007C5575 /* thumbnailplaceholder.png in Resources */,
				526668811DF6DB7F005114A1 /* LaunchScreen.storyboard in Resources */,
				5266687E1DF6DB7F005114A1 /* Assets.xcassets in Resources */,
				52DA7A201E35448C007C5575 /* glorieux2.jpg in Resources */,
				52DA7A011E34E9D4007C5575 /* impingement.png in Resources */,
				52A172671E33FF240097EC9A /* pendeloefening.mov in Resources */,
				52DA79FF1E34E9D4007C5575 /* calcifying1.png in Resources */,
				52DA7A0E1E34FBDA007C5575 /* drZeegers.jpg in Resources */,
				52DA7A1E1E352ABB007C5575 /* RC2.png in Resources */,
				52DA7A041E34E9D4007C5575 /* labrum2.png in Resources */,
				52DA7A1D1E352ABB007C5575 /* RC1.png in Resources */,
				52DA7A001E34E9D4007C5575 /* calcifying2.png in Resources */,
				52DA7A221E35451F007C5575 /* glorieux3.png in Resources */,
				52DA79FE1E34E9D4007C5575 /* biceps2.png in Resources */,
				52DA7A0A1E34F910007C5575 /* glorieuxParking.jpg in Resources */,
				52DA7A021E34E9D4007C5575 /* impingement2.png in Resources */,
				52DA79FB1E34E9D4007C5575 /* AC1.png in Resources */,
				52DA79FD1E34E9D4007C5575 /* biceps1.png in Resources */,
				52DA7A0D1E34FBDA007C5575 /* drFabre.jpg in Resources */,
				5266687C1DF6DB7F005114A1 /* Main.storyboard in Resources */,
			);
			runOnlyForDeploymentPostprocessing = 0;
		};
		526668851DF6DB7F005114A1 /* Resources */ = {
			isa = PBXResourcesBuildPhase;
			buildActionMask = 2147483647;
			files = (
			);
			runOnlyForDeploymentPostprocessing = 0;
		};
		526668901DF6DB7F005114A1 /* Resources */ = {
			isa = PBXResourcesBuildPhase;
			buildActionMask = 2147483647;
			files = (
			);
			runOnlyForDeploymentPostprocessing = 0;
		};
/* End PBXResourcesBuildPhase section */

/* Begin PBXShellScriptBuildPhase section */
		0FE4BA5960EFCBBEB0E81ECE /* [CP] Embed Pods Frameworks */ = {
			isa = PBXShellScriptBuildPhase;
			buildActionMask = 2147483647;
			files = (
			);
			inputPaths = (
			);
			name = "[CP] Embed Pods Frameworks";
			outputPaths = (
			);
			runOnlyForDeploymentPostprocessing = 0;
			shellPath = /bin/sh;
			shellScript = "\"${SRCROOT}/Pods/Target Support Files/Pods-Project/Pods-Project-frameworks.sh\"\n";
			showEnvVarsInLog = 0;
		};
		2680551ED4AD1F6314E373BE /* [CP] Embed Pods Frameworks */ = {
			isa = PBXShellScriptBuildPhase;
			buildActionMask = 2147483647;
			files = (
			);
			inputPaths = (
			);
			name = "[CP] Embed Pods Frameworks";
			outputPaths = (
			);
			runOnlyForDeploymentPostprocessing = 0;
			shellPath = /bin/sh;
			shellScript = "\"${SRCROOT}/Pods/Target Support Files/Pods-ProjectTests/Pods-ProjectTests-frameworks.sh\"\n";
			showEnvVarsInLog = 0;
		};
		4DD8C9DE627B4049FEBF006A /* [CP] Copy Pods Resources */ = {
			isa = PBXShellScriptBuildPhase;
			buildActionMask = 2147483647;
			files = (
			);
			inputPaths = (
			);
			name = "[CP] Copy Pods Resources";
			outputPaths = (
			);
			runOnlyForDeploymentPostprocessing = 0;
			shellPath = /bin/sh;
			shellScript = "\"${SRCROOT}/Pods/Target Support Files/Pods-Project/Pods-Project-resources.sh\"\n";
			showEnvVarsInLog = 0;
		};
		53407194D0888793117C79F4 /* [CP] Copy Pods Resources */ = {
			isa = PBXShellScriptBuildPhase;
			buildActionMask = 2147483647;
			files = (
			);
			inputPaths = (
			);
			name = "[CP] Copy Pods Resources";
			outputPaths = (
			);
			runOnlyForDeploymentPostprocessing = 0;
			shellPath = /bin/sh;
			shellScript = "\"${SRCROOT}/Pods/Target Support Files/Pods-ProjectUITests/Pods-ProjectUITests-resources.sh\"\n";
			showEnvVarsInLog = 0;
		};
		64B0F5EEB39DE2D0E1B9ACE5 /* [CP] Check Pods Manifest.lock */ = {
			isa = PBXShellScriptBuildPhase;
			buildActionMask = 2147483647;
			files = (
			);
			inputPaths = (
			);
			name = "[CP] Check Pods Manifest.lock";
			outputPaths = (
			);
			runOnlyForDeploymentPostprocessing = 0;
			shellPath = /bin/sh;
			shellScript = "diff \"${PODS_ROOT}/../Podfile.lock\" \"${PODS_ROOT}/Manifest.lock\" > /dev/null\nif [ $? != 0 ] ; then\n    # print error to STDERR\n    echo \"error: The sandbox is not in sync with the Podfile.lock. Run 'pod install' or update your CocoaPods installation.\" >&2\n    exit 1\nfi\n";
			showEnvVarsInLog = 0;
		};
		68A2B6700F9AFD1DD7430428 /* [CP] Check Pods Manifest.lock */ = {
			isa = PBXShellScriptBuildPhase;
			buildActionMask = 2147483647;
			files = (
			);
			inputPaths = (
			);
			name = "[CP] Check Pods Manifest.lock";
			outputPaths = (
			);
			runOnlyForDeploymentPostprocessing = 0;
			shellPath = /bin/sh;
			shellScript = "diff \"${PODS_ROOT}/../Podfile.lock\" \"${PODS_ROOT}/Manifest.lock\" > /dev/null\nif [ $? != 0 ] ; then\n    # print error to STDERR\n    echo \"error: The sandbox is not in sync with the Podfile.lock. Run 'pod install' or update your CocoaPods installation.\" >&2\n    exit 1\nfi\n";
			showEnvVarsInLog = 0;
		};
		69BADCEC7773F85E9A5B6DDC /* [CP] Copy Pods Resources */ = {
			isa = PBXShellScriptBuildPhase;
			buildActionMask = 2147483647;
			files = (
			);
			inputPaths = (
			);
			name = "[CP] Copy Pods Resources";
			outputPaths = (
			);
			runOnlyForDeploymentPostprocessing = 0;
			shellPath = /bin/sh;
			shellScript = "\"${SRCROOT}/Pods/Target Support Files/Pods-ProjectTests/Pods-ProjectTests-resources.sh\"\n";
			showEnvVarsInLog = 0;
		};
		E71BC1A451E5CF9B9E707E9A /* [CP] Embed Pods Frameworks */ = {
			isa = PBXShellScriptBuildPhase;
			buildActionMask = 2147483647;
			files = (
			);
			inputPaths = (
			);
			name = "[CP] Embed Pods Frameworks";
			outputPaths = (
			);
			runOnlyForDeploymentPostprocessing = 0;
			shellPath = /bin/sh;
			shellScript = "\"${SRCROOT}/Pods/Target Support Files/Pods-ProjectUITests/Pods-ProjectUITests-frameworks.sh\"\n";
			showEnvVarsInLog = 0;
		};
		F8B61A8C54FFD262AB836E25 /* [CP] Check Pods Manifest.lock */ = {
			isa = PBXShellScriptBuildPhase;
			buildActionMask = 2147483647;
			files = (
			);
			inputPaths = (
			);
			name = "[CP] Check Pods Manifest.lock";
			outputPaths = (
			);
			runOnlyForDeploymentPostprocessing = 0;
			shellPath = /bin/sh;
			shellScript = "diff \"${PODS_ROOT}/../Podfile.lock\" \"${PODS_ROOT}/Manifest.lock\" > /dev/null\nif [ $? != 0 ] ; then\n    # print error to STDERR\n    echo \"error: The sandbox is not in sync with the Podfile.lock. Run 'pod install' or update your CocoaPods installation.\" >&2\n    exit 1\nfi\n";
			showEnvVarsInLog = 0;
		};
/* End PBXShellScriptBuildPhase section */

/* Begin PBXSourcesBuildPhase section */
		5266686F1DF6DB7F005114A1 /* Sources */ = {
			isa = PBXSourcesBuildPhase;
			buildActionMask = 2147483647;
			files = (
				52A1725F1E33F8110097EC9A /* OefeningCell.swift in Sources */,
				526668791DF6DB7F005114A1 /* ViewController.swift in Sources */,
				52DA7A161E35021A007C5575 /* ChirurgViewController.swift in Sources */,
				52A172651E33FBCD0097EC9A /* VideoPlayerViewController.swift in Sources */,
				525482A41E1FE5F40092425C /* MainMenuViewcontroller.swift in Sources */,
				52FFDC491E268427006B6870 /* ProblemenViewController.swift in Sources */,
				52DA7A121E350132007C5575 /* Chirurg.swift in Sources */,
				52DA7A061E34EEC8007C5575 /* AfsprekenController.swift in Sources */,
				52A172631E33F9270097EC9A /* Oefening.swift in Sources */,
				525482A91E1FEC480092425C /* MainMenuModel.swift in Sources */,
				52DA7A241E354CF3007C5575 /* EmptyViewController.swift in Sources */,
				526668771DF6DB7F005114A1 /* AppDelegate.swift in Sources */,
				5256D0431E32AC2F00DDD647 /* ProbleemViewController.swift in Sources */,
				52A172611E33F8F60097EC9A /* OefeningenViewController.swift in Sources */,
				52DA7A081E34F435007C5575 /* glorieuxViewController.swift in Sources */,
				525482A61E1FE9010092425C /* MainMenuCell.swift in Sources */,
				52FFDC4B1E2687A1006B6870 /* ProbleemCell.swift in Sources */,
				52DA7A101E3500DF007C5575 /* ChirurgenViewController.swift in Sources */,
				52DA7A141E35018A007C5575 /* ChirurgCell.swift in Sources */,
				52FFDC451E267F2F006B6870 /* Probleem.swift in Sources */,
			);
			runOnlyForDeploymentPostprocessing = 0;
		};
		526668831DF6DB7F005114A1 /* Sources */ = {
			isa = PBXSourcesBuildPhase;
			buildActionMask = 2147483647;
			files = (
				5266688C1DF6DB7F005114A1 /* ProjectTests.swift in Sources */,
			);
			runOnlyForDeploymentPostprocessing = 0;
		};
		5266688E1DF6DB7F005114A1 /* Sources */ = {
			isa = PBXSourcesBuildPhase;
			buildActionMask = 2147483647;
			files = (
				526668971DF6DB7F005114A1 /* ProjectUITests.swift in Sources */,
			);
			runOnlyForDeploymentPostprocessing = 0;
		};
/* End PBXSourcesBuildPhase section */

/* Begin PBXTargetDependency section */
		526668891DF6DB7F005114A1 /* PBXTargetDependency */ = {
			isa = PBXTargetDependency;
			target = 526668721DF6DB7F005114A1 /* Project */;
			targetProxy = 526668881DF6DB7F005114A1 /* PBXContainerItemProxy */;
		};
		526668941DF6DB7F005114A1 /* PBXTargetDependency */ = {
			isa = PBXTargetDependency;
			target = 526668721DF6DB7F005114A1 /* Project */;
			targetProxy = 526668931DF6DB7F005114A1 /* PBXContainerItemProxy */;
		};
/* End PBXTargetDependency section */

/* Begin PBXVariantGroup section */
		5266687A1DF6DB7F005114A1 /* Main.storyboard */ = {
			isa = PBXVariantGroup;
			children = (
				5266687B1DF6DB7F005114A1 /* Base */,
			);
			name = Main.storyboard;
			sourceTree = "<group>";
		};
		5266687F1DF6DB7F005114A1 /* LaunchScreen.storyboard */ = {
			isa = PBXVariantGroup;
			children = (
				526668801DF6DB7F005114A1 /* Base */,
			);
			name = LaunchScreen.storyboard;
			sourceTree = "<group>";
		};
/* End PBXVariantGroup section */

/* Begin XCBuildConfiguration section */
		526668991DF6DB7F005114A1 /* Debug */ = {
			isa = XCBuildConfiguration;
			buildSettings = {
				ALWAYS_SEARCH_USER_PATHS = NO;
				CLANG_ANALYZER_NONNULL = YES;
				CLANG_CXX_LANGUAGE_STANDARD = "gnu++0x";
				CLANG_CXX_LIBRARY = "libc++";
				CLANG_ENABLE_MODULES = YES;
				CLANG_ENABLE_OBJC_ARC = YES;
				CLANG_WARN_BOOL_CONVERSION = YES;
				CLANG_WARN_CONSTANT_CONVERSION = YES;
				CLANG_WARN_DIRECT_OBJC_ISA_USAGE = YES_ERROR;
				CLANG_WARN_DOCUMENTATION_COMMENTS = YES;
				CLANG_WARN_EMPTY_BODY = YES;
				CLANG_WARN_ENUM_CONVERSION = YES;
				CLANG_WARN_INFINITE_RECURSION = YES;
				CLANG_WARN_INT_CONVERSION = YES;
				CLANG_WARN_OBJC_ROOT_CLASS = YES_ERROR;
				CLANG_WARN_SUSPICIOUS_MOVES = YES;
				CLANG_WARN_UNREACHABLE_CODE = YES;
				CLANG_WARN__DUPLICATE_METHOD_MATCH = YES;
				"CODE_SIGN_IDENTITY[sdk=iphoneos*]" = "iPhone Developer";
				COPY_PHASE_STRIP = NO;
				DEBUG_INFORMATION_FORMAT = dwarf;
				ENABLE_STRICT_OBJC_MSGSEND = YES;
				ENABLE_TESTABILITY = YES;
				GCC_C_LANGUAGE_STANDARD = gnu99;
				GCC_DYNAMIC_NO_PIC = NO;
				GCC_NO_COMMON_BLOCKS = YES;
				GCC_OPTIMIZATION_LEVEL = 0;
				GCC_PREPROCESSOR_DEFINITIONS = (
					"DEBUG=1",
					"$(inherited)",
				);
				GCC_WARN_64_TO_32_BIT_CONVERSION = YES;
				GCC_WARN_ABOUT_RETURN_TYPE = YES_ERROR;
				GCC_WARN_UNDECLARED_SELECTOR = YES;
				GCC_WARN_UNINITIALIZED_AUTOS = YES_AGGRESSIVE;
				GCC_WARN_UNUSED_FUNCTION = YES;
				GCC_WARN_UNUSED_VARIABLE = YES;
				IPHONEOS_DEPLOYMENT_TARGET = 10.0;
				MTL_ENABLE_DEBUG_INFO = YES;
				ONLY_ACTIVE_ARCH = YES;
				SDKROOT = iphoneos;
				SWIFT_ACTIVE_COMPILATION_CONDITIONS = DEBUG;
				SWIFT_OPTIMIZATION_LEVEL = "-Onone";
				TARGETED_DEVICE_FAMILY = "1,2";
			};
			name = Debug;
		};
		5266689A1DF6DB7F005114A1 /* Release */ = {
			isa = XCBuildConfiguration;
			buildSettings = {
				ALWAYS_SEARCH_USER_PATHS = NO;
				CLANG_ANALYZER_NONNULL = YES;
				CLANG_CXX_LANGUAGE_STANDARD = "gnu++0x";
				CLANG_CXX_LIBRARY = "libc++";
				CLANG_ENABLE_MODULES = YES;
				CLANG_ENABLE_OBJC_ARC = YES;
				CLANG_WARN_BOOL_CONVERSION = YES;
				CLANG_WARN_CONSTANT_CONVERSION = YES;
				CLANG_WARN_DIRECT_OBJC_ISA_USAGE = YES_ERROR;
				CLANG_WARN_DOCUMENTATION_COMMENTS = YES;
				CLANG_WARN_EMPTY_BODY = YES;
				CLANG_WARN_ENUM_CONVERSION = YES;
				CLANG_WARN_INFINITE_RECURSION = YES;
				CLANG_WARN_INT_CONVERSION = YES;
				CLANG_WARN_OBJC_ROOT_CLASS = YES_ERROR;
				CLANG_WARN_SUSPICIOUS_MOVES = YES;
				CLANG_WARN_UNREACHABLE_CODE = YES;
				CLANG_WARN__DUPLICATE_METHOD_MATCH = YES;
				"CODE_SIGN_IDENTITY[sdk=iphoneos*]" = "iPhone Developer";
				COPY_PHASE_STRIP = NO;
				DEBUG_INFORMATION_FORMAT = "dwarf-with-dsym";
				ENABLE_NS_ASSERTIONS = NO;
				ENABLE_STRICT_OBJC_MSGSEND = YES;
				GCC_C_LANGUAGE_STANDARD = gnu99;
				GCC_NO_COMMON_BLOCKS = YES;
				GCC_WARN_64_TO_32_BIT_CONVERSION = YES;
				GCC_WARN_ABOUT_RETURN_TYPE = YES_ERROR;
				GCC_WARN_UNDECLARED_SELECTOR = YES;
				GCC_WARN_UNINITIALIZED_AUTOS = YES_AGGRESSIVE;
				GCC_WARN_UNUSED_FUNCTION = YES;
				GCC_WARN_UNUSED_VARIABLE = YES;
				IPHONEOS_DEPLOYMENT_TARGET = 10.0;
				MTL_ENABLE_DEBUG_INFO = NO;
				SDKROOT = iphoneos;
				SWIFT_OPTIMIZATION_LEVEL = "-Owholemodule";
				TARGETED_DEVICE_FAMILY = "1,2";
				VALIDATE_PRODUCT = YES;
			};
			name = Release;
		};
		5266689C1DF6DB7F005114A1 /* Debug */ = {
			isa = XCBuildConfiguration;
			baseConfigurationReference = 9216ED23998E72CF0E33E608 /* Pods-Project.debug.xcconfig */;
			buildSettings = {
				ASSETCATALOG_COMPILER_APPICON_NAME = AppIcon;
				DEVELOPMENT_TEAM = 98Z2R7H2PW;
				INFOPLIST_FILE = Project/Info.plist;
				LD_RUNPATH_SEARCH_PATHS = "$(inherited) @executable_path/Frameworks";
				PRODUCT_BUNDLE_IDENTIFIER = be.miltonh.Project;
				PRODUCT_NAME = "$(TARGET_NAME)";
				SWIFT_VERSION = 3.0;
			};
			name = Debug;
		};
		5266689D1DF6DB7F005114A1 /* Release */ = {
			isa = XCBuildConfiguration;
			baseConfigurationReference = C46D70C533B4FDE59A037F8F /* Pods-Project.release.xcconfig */;
			buildSettings = {
				ASSETCATALOG_COMPILER_APPICON_NAME = AppIcon;
				DEVELOPMENT_TEAM = 98Z2R7H2PW;
				INFOPLIST_FILE = Project/Info.plist;
				LD_RUNPATH_SEARCH_PATHS = "$(inherited) @executable_path/Frameworks";
				PRODUCT_BUNDLE_IDENTIFIER = be.miltonh.Project;
				PRODUCT_NAME = "$(TARGET_NAME)";
				SWIFT_VERSION = 3.0;
			};
			name = Release;
		};
		5266689F1DF6DB7F005114A1 /* Debug */ = {
			isa = XCBuildConfiguration;
			baseConfigurationReference = EA2BE4A6DE7A4E869A6C4E9C /* Pods-ProjectTests.debug.xcconfig */;
			buildSettings = {
				ALWAYS_EMBED_SWIFT_STANDARD_LIBRARIES = YES;
				BUNDLE_LOADER = "$(TEST_HOST)";
				INFOPLIST_FILE = ProjectTests/Info.plist;
				LD_RUNPATH_SEARCH_PATHS = "$(inherited) @executable_path/Frameworks @loader_path/Frameworks";
				PRODUCT_BUNDLE_IDENTIFIER = be.miltonh.ProjectTests;
				PRODUCT_NAME = "$(TARGET_NAME)";
				SWIFT_VERSION = 3.0;
				TEST_HOST = "$(BUILT_PRODUCTS_DIR)/Project.app/Project";
			};
			name = Debug;
		};
		526668A01DF6DB7F005114A1 /* Release */ = {
			isa = XCBuildConfiguration;
			baseConfigurationReference = AA46F13183E7B60401731DA5 /* Pods-ProjectTests.release.xcconfig */;
			buildSettings = {
				ALWAYS_EMBED_SWIFT_STANDARD_LIBRARIES = YES;
				BUNDLE_LOADER = "$(TEST_HOST)";
				INFOPLIST_FILE = ProjectTests/Info.plist;
				LD_RUNPATH_SEARCH_PATHS = "$(inherited) @executable_path/Frameworks @loader_path/Frameworks";
				PRODUCT_BUNDLE_IDENTIFIER = be.miltonh.ProjectTests;
				PRODUCT_NAME = "$(TARGET_NAME)";
				SWIFT_VERSION = 3.0;
				TEST_HOST = "$(BUILT_PRODUCTS_DIR)/Project.app/Project";
			};
			name = Release;
		};
		526668A21DF6DB7F005114A1 /* Debug */ = {
			isa = XCBuildConfiguration;
			baseConfigurationReference = CB66634E82AAB731A026E9F2 /* Pods-ProjectUITests.debug.xcconfig */;
			buildSettings = {
				ALWAYS_EMBED_SWIFT_STANDARD_LIBRARIES = YES;
				INFOPLIST_FILE = ProjectUITests/Info.plist;
				LD_RUNPATH_SEARCH_PATHS = "$(inherited) @executable_path/Frameworks @loader_path/Frameworks";
				PRODUCT_BUNDLE_IDENTIFIER = be.miltonh.ProjectUITests;
				PRODUCT_NAME = "$(TARGET_NAME)";
				SWIFT_VERSION = 3.0;
				TEST_TARGET_NAME = Project;
			};
			name = Debug;
		};
		526668A31DF6DB7F005114A1 /* Release */ = {
			isa = XCBuildConfiguration;
			baseConfigurationReference = 985311548C997621066C7B26 /* Pods-ProjectUITests.release.xcconfig */;
			buildSettings = {
				ALWAYS_EMBED_SWIFT_STANDARD_LIBRARIES = YES;
				INFOPLIST_FILE = ProjectUITests/Info.plist;
				LD_RUNPATH_SEARCH_PATHS = "$(inherited) @executable_path/Frameworks @loader_path/Frameworks";
				PRODUCT_BUNDLE_IDENTIFIER = be.miltonh.ProjectUITests;
				PRODUCT_NAME = "$(TARGET_NAME)";
				SWIFT_VERSION = 3.0;
				TEST_TARGET_NAME = Project;
			};
			name = Release;
		};
/* End XCBuildConfiguration section */

/* Begin XCConfigurationList section */
		5266686E1DF6DB7F005114A1 /* Build configuration list for PBXProject "Project" */ = {
			isa = XCConfigurationList;
			buildConfigurations = (
				526668991DF6DB7F005114A1 /* Debug */,
				5266689A1DF6DB7F005114A1 /* Release */,
			);
			defaultConfigurationIsVisible = 0;
			defaultConfigurationName = Release;
		};
		5266689B1DF6DB7F005114A1 /* Build configuration list for PBXNativeTarget "Project" */ = {
			isa = XCConfigurationList;
			buildConfigurations = (
				5266689C1DF6DB7F005114A1 /* Debug */,
				5266689D1DF6DB7F005114A1 /* Release */,
			);
			defaultConfigurationIsVisible = 0;
			defaultConfigurationName = Release;
		};
		5266689E1DF6DB7F005114A1 /* Build configuration list for PBXNativeTarget "ProjectTests" */ = {
			isa = XCConfigurationList;
			buildConfigurations = (
				5266689F1DF6DB7F005114A1 /* Debug */,
				526668A01DF6DB7F005114A1 /* Release */,
			);
			defaultConfigurationIsVisible = 0;
			defaultConfigurationName = Release;
		};
		526668A11DF6DB7F005114A1 /* Build configuration list for PBXNativeTarget "ProjectUITests" */ = {
			isa = XCConfigurationList;
			buildConfigurations = (
				526668A21DF6DB7F005114A1 /* Debug */,
				526668A31DF6DB7F005114A1 /* Release */,
			);
			defaultConfigurationIsVisible = 0;
			defaultConfigurationName = Release;
		};
/* End XCConfigurationList section */
	};
	rootObject = 5266686B1DF6DB7F005114A1 /* Project object */;
}
