// !$*UTF8*$!
{
	archiveVersion = 1;
	classes = {
	};
	objectVersion = 46;
	objects = {

/* Begin PBXBuildFile section */
		52271C541E002DB6006CA849 /* Podfile in Resources */ = {isa = PBXBuildFile; fileRef = 52271C531E002DB6006CA849 /* Podfile */; };
		526668771DF6DB7F005114A1 /* AppDelegate.swift in Sources */ = {isa = PBXBuildFile; fileRef = 526668761DF6DB7F005114A1 /* AppDelegate.swift */; };
		526668791DF6DB7F005114A1 /* ViewController.swift in Sources */ = {isa = PBXBuildFile; fileRef = 526668781DF6DB7F005114A1 /* ViewController.swift */; };
		5266687C1DF6DB7F005114A1 /* Main.storyboard in Resources */ = {isa = PBXBuildFile; fileRef = 5266687A1DF6DB7F005114A1 /* Main.storyboard */; };
		5266687E1DF6DB7F005114A1 /* Assets.xcassets in Resources */ = {isa = PBXBuildFile; fileRef = 5266687D1DF6DB7F005114A1 /* Assets.xcassets */; };
		526668811DF6DB7F005114A1 /* LaunchScreen.storyboard in Resources */ = {isa = PBXBuildFile; fileRef = 5266687F1DF6DB7F005114A1 /* LaunchScreen.storyboard */; };
		5266688C1DF6DB7F005114A1 /* ProjectTests.swift in Sources */ = {isa = PBXBuildFile; fileRef = 5266688B1DF6DB7F005114A1 /* ProjectTests.swift */; };
		526668971DF6DB7F005114A1 /* ProjectUITests.swift in Sources */ = {isa = PBXBuildFile; fileRef = 526668961DF6DB7F005114A1 /* ProjectUITests.swift */; };
		526668A61DF6EF1B005114A1 /* doge.jpg in Resources */ = {isa = PBXBuildFile; fileRef = 526668A51DF6EF1B005114A1 /* doge.jpg */; };
		526668A91DF6F0AF005114A1 /* MenuController.swift in Sources */ = {isa = PBXBuildFile; fileRef = 526668A81DF6F0AF005114A1 /* MenuController.swift */; };
/* End PBXBuildFile section */

/* Begin PBXContainerItemProxy section */
		526668881DF6DB7F005114A1 /* PBXContainerItemProxy */ = {
			isa = PBXContainerItemProxy;
			containerPortal = 5266686B1DF6DB7F005114A1 /* Project object */;
			proxyType = 1;
			remoteGlobalIDString = 526668721DF6DB7F005114A1;
			remoteInfo = Project;
		};
		526668931DF6DB7F005114A1 /* PBXContainerItemProxy */ = {
			isa = PBXContainerItemProxy;
			containerPortal = 5266686B1DF6DB7F005114A1 /* Project object */;
			proxyType = 1;
			remoteGlobalIDString = 526668721DF6DB7F005114A1;
			remoteInfo = Project;
		};
/* End PBXContainerItemProxy section */

/* Begin PBXFileReference section */
		52271C531E002DB6006CA849 /* Podfile */ = {isa = PBXFileReference; fileEncoding = 4; lastKnownFileType = text; path = Podfile; sourceTree = "<group>"; };
		526668731DF6DB7F005114A1 /* Project.app */ = {isa = PBXFileReference; explicitFileType = wrapper.application; includeInIndex = 0; path = Project.app; sourceTree = BUILT_PRODUCTS_DIR; };
		526668761DF6DB7F005114A1 /* AppDelegate.swift */ = {isa = PBXFileReference; lastKnownFileType = sourcecode.swift; path = AppDelegate.swift; sourceTree = "<group>"; };
		526668781DF6DB7F005114A1 /* ViewController.swift */ = {isa = PBXFileReference; lastKnownFileType = sourcecode.swift; path = ViewController.swift; sourceTree = "<group>"; };
		5266687B1DF6DB7F005114A1 /* Base */ = {isa = PBXFileReference; lastKnownFileType = file.storyboard; name = Base; path = Base.lproj/Main.storyboard; sourceTree = "<group>"; };
		5266687D1DF6DB7F005114A1 /* Assets.xcassets */ = {isa = PBXFileReference; lastKnownFileType = folder.assetcatalog; path = Assets.xcassets; sourceTree = "<group>"; };
		526668801DF6DB7F005114A1 /* Base */ = {isa = PBXFileReference; lastKnownFileType = file.storyboard; name = Base; path = Base.lproj/LaunchScreen.storyboard; sourceTree = "<group>"; };
		526668821DF6DB7F005114A1 /* Info.plist */ = {isa = PBXFileReference; lastKnownFileType = text.plist.xml; path = Info.plist; sourceTree = "<group>"; };
		526668871DF6DB7F005114A1 /* ProjectTests.xctest */ = {isa = PBXFileReference; explicitFileType = wrapper.cfbundle; includeInIndex = 0; path = ProjectTests.xctest; sourceTree = BUILT_PRODUCTS_DIR; };
		5266688B1DF6DB7F005114A1 /* ProjectTests.swift */ = {isa = PBXFileReference; lastKnownFileType = sourcecode.swift; path = ProjectTests.swift; sourceTree = "<group>"; };
		5266688D1DF6DB7F005114A1 /* Info.plist */ = {isa = PBXFileReference; lastKnownFileType = text.plist.xml; path = Info.plist; sourceTree = "<group>"; };
		526668921DF6DB7F005114A1 /* ProjectUITests.xctest */ = {isa = PBXFileReference; explicitFileType = wrapper.cfbundle; includeInIndex = 0; path = ProjectUITests.xctest; sourceTree = BUILT_PRODUCTS_DIR; };
		526668961DF6DB7F005114A1 /* ProjectUITests.swift */ = {isa = PBXFileReference; lastKnownFileType = sourcecode.swift; path = ProjectUITests.swift; sourceTree = "<group>"; };
		526668981DF6DB7F005114A1 /* Info.plist */ = {isa = PBXFileReference; lastKnownFileType = text.plist.xml; path = Info.plist; sourceTree = "<group>"; };
		526668A51DF6EF1B005114A1 /* doge.jpg */ = {isa = PBXFileReference; lastKnownFileType = image.jpeg; path = doge.jpg; sourceTree = "<group>"; };
		526668A81DF6F0AF005114A1 /* MenuController.swift */ = {isa = PBXFileReference; fileEncoding = 4; lastKnownFileType = sourcecode.swift; path = MenuController.swift; sourceTree = "<group>"; };
/* End PBXFileReference section */

/* Begin PBXFrameworksBuildPhase section */
		526668701DF6DB7F005114A1 /* Frameworks */ = {
			isa = PBXFrameworksBuildPhase;
			buildActionMask = 2147483647;
			files = (
			);
			runOnlyForDeploymentPostprocessing = 0;
		};
		526668841DF6DB7F005114A1 /* Frameworks */ = {
			isa = PBXFrameworksBuildPhase;
			buildActionMask = 2147483647;
			files = (
			);
			runOnlyForDeploymentPostprocessing = 0;
		};
		5266688F1DF6DB7F005114A1 /* Frameworks */ = {
			isa = PBXFrameworksBuildPhase;
			buildActionMask = 2147483647;
			files = (
			);
			runOnlyForDeploymentPostprocessing = 0;
		};
/* End PBXFrameworksBuildPhase section */

/* Begin PBXGroup section */
		5266686A1DF6DB7F005114A1 = {
			isa = PBXGroup;
			children = (
				526668751DF6DB7F005114A1 /* Project */,
				5266688A1DF6DB7F005114A1 /* ProjectTests */,
				526668951DF6DB7F005114A1 /* ProjectUITests */,
				526668741DF6DB7F005114A1 /* Products */,
			);
			sourceTree = "<group>";
		};
		526668741DF6DB7F005114A1 /* Products */ = {
			isa = PBXGroup;
			children = (
				526668731DF6DB7F005114A1 /* Project.app */,
				526668871DF6DB7F005114A1 /* ProjectTests.xctest */,
				526668921DF6DB7F005114A1 /* ProjectUITests.xctest */,
			);
			name = Products;
			sourceTree = "<group>";
		};
		526668751DF6DB7F005114A1 /* Project */ = {
			isa = PBXGroup;
			children = (
				526668A71DF6F070005114A1 /* controllers */,
				526668A41DF6EEC0005114A1 /* images */,
				526668761DF6DB7F005114A1 /* AppDelegate.swift */,
				526668781DF6DB7F005114A1 /* ViewController.swift */,
				5266687A1DF6DB7F005114A1 /* Main.storyboard */,
				5266687D1DF6DB7F005114A1 /* Assets.xcassets */,
				5266687F1DF6DB7F005114A1 /* LaunchScreen.storyboard */,
				526668821DF6DB7F005114A1 /* Info.plist */,
				52271C531E002DB6006CA849 /* Podfile */,
			);
			path = Project;
			sourceTree = "<group>";
		};
		5266688A1DF6DB7F005114A1 /* ProjectTests */ = {
			isa = PBXGroup;
			children = (
				5266688B1DF6DB7F005114A1 /* ProjectTests.swift */,
				5266688D1DF6DB7F005114A1 /* Info.plist */,
			);
			path = ProjectTests;
			sourceTree = "<group>";
		};
		526668951DF6DB7F005114A1 /* ProjectUITests */ = {
			isa = PBXGroup;
			children = (
				526668961DF6DB7F005114A1 /* ProjectUITests.swift */,
				526668981DF6DB7F005114A1 /* Info.plist */,
			);
			path = ProjectUITests;
			sourceTree = "<group>";
		};
		526668A41DF6EEC0005114A1 /* images */ = {
			isa = PBXGroup;
			children = (
				526668A51DF6EF1B005114A1 /* doge.jpg */,
			);
			path = images;
			sourceTree = "<group>";
		};
		526668A71DF6F070005114A1 /* controllers */ = {
			isa = PBXGroup;
			children = (
				526668A81DF6F0AF005114A1 /* MenuController.swift */,
			);
			path = controllers;
			sourceTree = "<group>";
		};
/* End PBXGroup section */

/* Begin PBXNativeTarget section */
		526668721DF6DB7F005114A1 /* Project */ = {
			isa = PBXNativeTarget;
			buildConfigurationList = 5266689B1DF6DB7F005114A1 /* Build configuration list for PBXNativeTarget "Project" */;
			buildPhases = (
				5266686F1DF6DB7F005114A1 /* Sources */,
				526668701DF6DB7F005114A1 /* Frameworks */,
				526668711DF6DB7F005114A1 /* Resources */,
			);
			buildRules = (
			);
			dependencies = (
			);
			name = Project;
			productName = Project;
			productReference = 526668731DF6DB7F005114A1 /* Project.app */;
			productType = "com.apple.product-type.application";
		};
		526668861DF6DB7F005114A1 /* ProjectTests */ = {
			isa = PBXNativeTarget;
			buildConfigurationList = 5266689E1DF6DB7F005114A1 /* Build configuration list for PBXNativeTarget "ProjectTests" */;
			buildPhases = (
				526668831DF6DB7F005114A1 /* Sources */,
				526668841DF6DB7F005114A1 /* Frameworks */,
				526668851DF6DB7F005114A1 /* Resources */,
			);
			buildRules = (
			);
			dependencies = (
				526668891DF6DB7F005114A1 /* PBXTargetDependency */,
			);
			name = ProjectTests;
			productName = ProjectTests;
			productReference = 526668871DF6DB7F005114A1 /* ProjectTests.xctest */;
			productType = "com.apple.product-type.bundle.unit-test";
		};
		526668911DF6DB7F005114A1 /* ProjectUITests */ = {
			isa = PBXNativeTarget;
			buildConfigurationList = 526668A11DF6DB7F005114A1 /* Build configuration list for PBXNativeTarget "ProjectUITests" */;
			buildPhases = (
				5266688E1DF6DB7F005114A1 /* Sources */,
				5266688F1DF6DB7F005114A1 /* Frameworks */,
				526668901DF6DB7F005114A1 /* Resources */,
			);
			buildRules = (
			);
			dependencies = (
				526668941DF6DB7F005114A1 /* PBXTargetDependency */,
			);
			name = ProjectUITests;
			productName = ProjectUITests;
			productReference = 526668921DF6DB7F005114A1 /* ProjectUITests.xctest */;
			productType = "com.apple.product-type.bundle.ui-testing";
		};
/* End PBXNativeTarget section */

/* Begin PBXProject section */
		5266686B1DF6DB7F005114A1 /* Project object */ = {
			isa = PBXProject;
			attributes = {
				LastSwiftUpdateCheck = 0800;
				LastUpgradeCheck = 0800;
				ORGANIZATIONNAME = Milton;
				TargetAttributes = {
					526668721DF6DB7F005114A1 = {
						CreatedOnToolsVersion = 8.0;
						ProvisioningStyle = Automatic;
					};
					526668861DF6DB7F005114A1 = {
						CreatedOnToolsVersion = 8.0;
						ProvisioningStyle = Automatic;
						TestTargetID = 526668721DF6DB7F005114A1;
					};
					526668911DF6DB7F005114A1 = {
						CreatedOnToolsVersion = 8.0;
						ProvisioningStyle = Automatic;
						TestTargetID = 526668721DF6DB7F005114A1;
					};
				};
			};
			buildConfigurationList = 5266686E1DF6DB7F005114A1 /* Build configuration list for PBXProject "Project" */;
			compatibilityVersion = "Xcode 3.2";
			developmentRegion = English;
			hasScannedForEncodings = 0;
			knownRegions = (
				en,
				Base,
			);
			mainGroup = 5266686A1DF6DB7F005114A1;
			productRefGroup = 526668741DF6DB7F005114A1 /* Products */;
			projectDirPath = "";
			projectRoot = "";
			targets = (
				526668721DF6DB7F005114A1 /* Project */,
				526668861DF6DB7F005114A1 /* ProjectTests */,
				526668911DF6DB7F005114A1 /* ProjectUITests */,
			);
		};
/* End PBXProject section */

/* Begin PBXResourcesBuildPhase section */
		526668711DF6DB7F005114A1 /* Resources */ = {
			isa = PBXResourcesBuildPhase;
			buildActionMask = 2147483647;
			files = (
				52271C541E002DB6006CA849 /* Podfile in Resources */,
				526668811DF6DB7F005114A1 /* LaunchScreen.storyboard in Resources */,
				5266687E1DF6DB7F005114A1 /* Assets.xcassets in Resources */,
				526668A61DF6EF1B005114A1 /* doge.jpg in Resources */,
				5266687C1DF6DB7F005114A1 /* Main.storyboard in Resources */,
			);
			runOnlyForDeploymentPostprocessing = 0;
		};
		526668851DF6DB7F005114A1 /* Resources */ = {
			isa = PBXResourcesBuildPhase;
			buildActionMask = 2147483647;
			files = (
			);
			runOnlyForDeploymentPostprocessing = 0;
		};
		526668901DF6DB7F005114A1 /* Resources */ = {
			isa = PBXResourcesBuildPhase;
			buildActionMask = 2147483647;
			files = (
			);
			runOnlyForDeploymentPostprocessing = 0;
		};
/* End PBXResourcesBuildPhase section */

/* Begin PBXSourcesBuildPhase section */
		5266686F1DF6DB7F005114A1 /* Sources */ = {
			isa = PBXSourcesBuildPhase;
			buildActionMask = 2147483647;
			files = (
				526668791DF6DB7F005114A1 /* ViewController.swift in Sources */,
				526668A91DF6F0AF005114A1 /* MenuController.swift in Sources */,
				526668771DF6DB7F005114A1 /* AppDelegate.swift in Sources */,
			);
			runOnlyForDeploymentPostprocessing = 0;
		};
		526668831DF6DB7F005114A1 /* Sources */ = {
			isa = PBXSourcesBuildPhase;
			buildActionMask = 2147483647;
			files = (
				5266688C1DF6DB7F005114A1 /* ProjectTests.swift in Sources */,
			);
			runOnlyForDeploymentPostprocessing = 0;
		};
		5266688E1DF6DB7F005114A1 /* Sources */ = {
			isa = PBXSourcesBuildPhase;
			buildActionMask = 2147483647;
			files = (
				526668971DF6DB7F005114A1 /* ProjectUITests.swift in Sources */,
			);
			runOnlyForDeploymentPostprocessing = 0;
		};
/* End PBXSourcesBuildPhase section */

/* Begin PBXTargetDependency section */
		526668891DF6DB7F005114A1 /* PBXTargetDependency */ = {
			isa = PBXTargetDependency;
			target = 526668721DF6DB7F005114A1 /* Project */;
			targetProxy = 526668881DF6DB7F005114A1 /* PBXContainerItemProxy */;
		};
		526668941DF6DB7F005114A1 /* PBXTargetDependency */ = {
			isa = PBXTargetDependency;
			target = 526668721DF6DB7F005114A1 /* Project */;
			targetProxy = 526668931DF6DB7F005114A1 /* PBXContainerItemProxy */;
		};
/* End PBXTargetDependency section */

/* Begin PBXVariantGroup section */
		5266687A1DF6DB7F005114A1 /* Main.storyboard */ = {
			isa = PBXVariantGroup;
			children = (
				5266687B1DF6DB7F005114A1 /* Base */,
			);
			name = Main.storyboard;
			sourceTree = "<group>";
		};
		5266687F1DF6DB7F005114A1 /* LaunchScreen.storyboard */ = {
			isa = PBXVariantGroup;
			children = (
				526668801DF6DB7F005114A1 /* Base */,
			);
			name = LaunchScreen.storyboard;
			sourceTree = "<group>";
		};
/* End PBXVariantGroup section */

/* Begin XCBuildConfiguration section */
		526668991DF6DB7F005114A1 /* Debug */ = {
			isa = XCBuildConfiguration;
			buildSettings = {
				ALWAYS_SEARCH_USER_PATHS = NO;
				CLANG_ANALYZER_NONNULL = YES;
				CLANG_CXX_LANGUAGE_STANDARD = "gnu++0x";
				CLANG_CXX_LIBRARY = "libc++";
				CLANG_ENABLE_MODULES = YES;
				CLANG_ENABLE_OBJC_ARC = YES;
				CLANG_WARN_BOOL_CONVERSION = YES;
				CLANG_WARN_CONSTANT_CONVERSION = YES;
				CLANG_WARN_DIRECT_OBJC_ISA_USAGE = YES_ERROR;
				CLANG_WARN_DOCUMENTATION_COMMENTS = YES;
				CLANG_WARN_EMPTY_BODY = YES;
				CLANG_WARN_ENUM_CONVERSION = YES;
				CLANG_WARN_INFINITE_RECURSION = YES;
				CLANG_WARN_INT_CONVERSION = YES;
				CLANG_WARN_OBJC_ROOT_CLASS = YES_ERROR;
				CLANG_WARN_SUSPICIOUS_MOVES = YES;
				CLANG_WARN_UNREACHABLE_CODE = YES;
				CLANG_WARN__DUPLICATE_METHOD_MATCH = YES;
				"CODE_SIGN_IDENTITY[sdk=iphoneos*]" = "iPhone Developer";
				COPY_PHASE_STRIP = NO;
				DEBUG_INFORMATION_FORMAT = dwarf;
				ENABLE_STRICT_OBJC_MSGSEND = YES;
				ENABLE_TESTABILITY = YES;
				GCC_C_LANGUAGE_STANDARD = gnu99;
				GCC_DYNAMIC_NO_PIC = NO;
				GCC_NO_COMMON_BLOCKS = YES;
				GCC_OPTIMIZATION_LEVEL = 0;
				GCC_PREPROCESSOR_DEFINITIONS = (
					"DEBUG=1",
					"$(inherited)",
				);
				GCC_WARN_64_TO_32_BIT_CONVERSION = YES;
				GCC_WARN_ABOUT_RETURN_TYPE = YES_ERROR;
				GCC_WARN_UNDECLARED_SELECTOR = YES;
				GCC_WARN_UNINITIALIZED_AUTOS = YES_AGGRESSIVE;
				GCC_WARN_UNUSED_FUNCTION = YES;
				GCC_WARN_UNUSED_VARIABLE = YES;
				IPHONEOS_DEPLOYMENT_TARGET = 10.0;
				MTL_ENABLE_DEBUG_INFO = YES;
				ONLY_ACTIVE_ARCH = YES;
				SDKROOT = iphoneos;
				SWIFT_ACTIVE_COMPILATION_CONDITIONS = DEBUG;
				SWIFT_OPTIMIZATION_LEVEL = "-Onone";
				TARGETED_DEVICE_FAMILY = "1,2";
			};
			name = Debug;
		};
		5266689A1DF6DB7F005114A1 /* Release */ = {
			isa = XCBuildConfiguration;
			buildSettings = {
				ALWAYS_SEARCH_USER_PATHS = NO;
				CLANG_ANALYZER_NONNULL = YES;
				CLANG_CXX_LANGUAGE_STANDARD = "gnu++0x";
				CLANG_CXX_LIBRARY = "libc++";
				CLANG_ENABLE_MODULES = YES;
				CLANG_ENABLE_OBJC_ARC = YES;
				CLANG_WARN_BOOL_CONVERSION = YES;
				CLANG_WARN_CONSTANT_CONVERSION = YES;
				CLANG_WARN_DIRECT_OBJC_ISA_USAGE = YES_ERROR;
				CLANG_WARN_DOCUMENTATION_COMMENTS = YES;
				CLANG_WARN_EMPTY_BODY = YES;
				CLANG_WARN_ENUM_CONVERSION = YES;
				CLANG_WARN_INFINITE_RECURSION = YES;
				CLANG_WARN_INT_CONVERSION = YES;
				CLANG_WARN_OBJC_ROOT_CLASS = YES_ERROR;
				CLANG_WARN_SUSPICIOUS_MOVES = YES;
				CLANG_WARN_UNREACHABLE_CODE = YES;
				CLANG_WARN__DUPLICATE_METHOD_MATCH = YES;
				"CODE_SIGN_IDENTITY[sdk=iphoneos*]" = "iPhone Developer";
				COPY_PHASE_STRIP = NO;
				DEBUG_INFORMATION_FORMAT = "dwarf-with-dsym";
				ENABLE_NS_ASSERTIONS = NO;
				ENABLE_STRICT_OBJC_MSGSEND = YES;
				GCC_C_LANGUAGE_STANDARD = gnu99;
				GCC_NO_COMMON_BLOCKS = YES;
				GCC_WARN_64_TO_32_BIT_CONVERSION = YES;
				GCC_WARN_ABOUT_RETURN_TYPE = YES_ERROR;
				GCC_WARN_UNDECLARED_SELECTOR = YES;
				GCC_WARN_UNINITIALIZED_AUTOS = YES_AGGRESSIVE;
				GCC_WARN_UNUSED_FUNCTION = YES;
				GCC_WARN_UNUSED_VARIABLE = YES;
				IPHONEOS_DEPLOYMENT_TARGET = 10.0;
				MTL_ENABLE_DEBUG_INFO = NO;
				SDKROOT = iphoneos;
				SWIFT_OPTIMIZATION_LEVEL = "-Owholemodule";
				TARGETED_DEVICE_FAMILY = "1,2";
				VALIDATE_PRODUCT = YES;
			};
			name = Release;
		};
		5266689C1DF6DB7F005114A1 /* Debug */ = {
			isa = XCBuildConfiguration;
			buildSettings = {
				ASSETCATALOG_COMPILER_APPICON_NAME = AppIcon;
				INFOPLIST_FILE = Project/Info.plist;
				LD_RUNPATH_SEARCH_PATHS = "$(inherited) @executable_path/Frameworks";
				PRODUCT_BUNDLE_IDENTIFIER = be.miltonh.Project;
				PRODUCT_NAME = "$(TARGET_NAME)";
				SWIFT_VERSION = 3.0;
			};
			name = Debug;
		};
		5266689D1DF6DB7F005114A1 /* Release */ = {
			isa = XCBuildConfiguration;
			buildSettings = {
				ASSETCATALOG_COMPILER_APPICON_NAME = AppIcon;
				INFOPLIST_FILE = Project/Info.plist;
				LD_RUNPATH_SEARCH_PATHS = "$(inherited) @executable_path/Frameworks";
				PRODUCT_BUNDLE_IDENTIFIER = be.miltonh.Project;
				PRODUCT_NAME = "$(TARGET_NAME)";
				SWIFT_VERSION = 3.0;
			};
			name = Release;
		};
		5266689F1DF6DB7F005114A1 /* Debug */ = {
			isa = XCBuildConfiguration;
			buildSettings = {
				ALWAYS_EMBED_SWIFT_STANDARD_LIBRARIES = YES;
				BUNDLE_LOADER = "$(TEST_HOST)";
				INFOPLIST_FILE = ProjectTests/Info.plist;
				LD_RUNPATH_SEARCH_PATHS = "$(inherited) @executable_path/Frameworks @loader_path/Frameworks";
				PRODUCT_BUNDLE_IDENTIFIER = be.miltonh.ProjectTests;
				PRODUCT_NAME = "$(TARGET_NAME)";
				SWIFT_VERSION = 3.0;
				TEST_HOST = "$(BUILT_PRODUCTS_DIR)/Project.app/Project";
			};
			name = Debug;
		};
		526668A01DF6DB7F005114A1 /* Release */ = {
			isa = XCBuildConfiguration;
			buildSettings = {
				ALWAYS_EMBED_SWIFT_STANDARD_LIBRARIES = YES;
				BUNDLE_LOADER = "$(TEST_HOST)";
				INFOPLIST_FILE = ProjectTests/Info.plist;
				LD_RUNPATH_SEARCH_PATHS = "$(inherited) @executable_path/Frameworks @loader_path/Frameworks";
				PRODUCT_BUNDLE_IDENTIFIER = be.miltonh.ProjectTests;
				PRODUCT_NAME = "$(TARGET_NAME)";
				SWIFT_VERSION = 3.0;
				TEST_HOST = "$(BUILT_PRODUCTS_DIR)/Project.app/Project";
			};
			name = Release;
		};
		526668A21DF6DB7F005114A1 /* Debug */ = {
			isa = XCBuildConfiguration;
			buildSettings = {
				ALWAYS_EMBED_SWIFT_STANDARD_LIBRARIES = YES;
				INFOPLIST_FILE = ProjectUITests/Info.plist;
				LD_RUNPATH_SEARCH_PATHS = "$(inherited) @executable_path/Frameworks @loader_path/Frameworks";
				PRODUCT_BUNDLE_IDENTIFIER = be.miltonh.ProjectUITests;
				PRODUCT_NAME = "$(TARGET_NAME)";
				SWIFT_VERSION = 3.0;
				TEST_TARGET_NAME = Project;
			};
			name = Debug;
		};
		526668A31DF6DB7F005114A1 /* Release */ = {
			isa = XCBuildConfiguration;
			buildSettings = {
				ALWAYS_EMBED_SWIFT_STANDARD_LIBRARIES = YES;
				INFOPLIST_FILE = ProjectUITests/Info.plist;
				LD_RUNPATH_SEARCH_PATHS = "$(inherited) @executable_path/Frameworks @loader_path/Frameworks";
				PRODUCT_BUNDLE_IDENTIFIER = be.miltonh.ProjectUITests;
				PRODUCT_NAME = "$(TARGET_NAME)";
				SWIFT_VERSION = 3.0;
				TEST_TARGET_NAME = Project;
			};
			name = Release;
		};
/* End XCBuildConfiguration section */

/* Begin XCConfigurationList section */
		5266686E1DF6DB7F005114A1 /* Build configuration list for PBXProject "Project" */ = {
			isa = XCConfigurationList;
			buildConfigurations = (
				526668991DF6DB7F005114A1 /* Debug */,
				5266689A1DF6DB7F005114A1 /* Release */,
			);
			defaultConfigurationIsVisible = 0;
			defaultConfigurationName = Release;
		};
		5266689B1DF6DB7F005114A1 /* Build configuration list for PBXNativeTarget "Project" */ = {
			isa = XCConfigurationList;
			buildConfigurations = (
				5266689C1DF6DB7F005114A1 /* Debug */,
				5266689D1DF6DB7F005114A1 /* Release */,
			);
			defaultConfigurationIsVisible = 0;
			defaultConfigurationName = Release;
		};
		5266689E1DF6DB7F005114A1 /* Build configuration list for PBXNativeTarget "ProjectTests" */ = {
			isa = XCConfigurationList;
			buildConfigurations = (
				5266689F1DF6DB7F005114A1 /* Debug */,
				526668A01DF6DB7F005114A1 /* Release */,
			);
			defaultConfigurationIsVisible = 0;
			defaultConfigurationName = Release;
		};
		526668A11DF6DB7F005114A1 /* Build configuration list for PBXNativeTarget "ProjectUITests" */ = {
			isa = XCConfigurationList;
			buildConfigurations = (
				526668A21DF6DB7F005114A1 /* Debug */,
				526668A31DF6DB7F005114A1 /* Release */,
			);
			defaultConfigurationIsVisible = 0;
			defaultConfigurationName = Release;
		};
/* End XCConfigurationList section */
	};
	rootObject = 5266686B1DF6DB7F005114A1 /* Project object */;
}
